
Microsoft Visual Studio Solution File, Format Version 12.00
# Visual Studio Version 17
VisualStudioVersion = 17.8.34316.72
MinimumVisualStudioVersion = 10.0.40219.1
Project("{FAE04EC0-301F-11D3-BF4B-00C04F79EFBC}") = "LineNotificationApp", "LineNotificationApp\LineNotificationApp.csproj", "{0ACB6D6D-07F6-4497-8DDB-2B0C20A2B40A}"
EndProject
Global
	GlobalSection(SolutionConfigurationPlatforms) = preSolution
		Debug|Any CPU = Debug|Any CPU
		Release|Any CPU = Release|Any CPU
	EndGlobalSection
	GlobalSection(ProjectConfigurationPlatforms) = postSolution
		{0ACB6D6D-07F6-4497-8DDB-2B0C20A2B40A}.Debug|Any CPU.ActiveCfg = Debug|Any CPU
		{0ACB6D6D-07F6-4497-8DDB-2B0C20A2B40A}.Debug|Any CPU.Build.0 = Debug|Any CPU
		{0ACB6D6D-07F6-4497-8DDB-2B0C20A2B40A}.Release|Any CPU.ActiveCfg = Release|Any CPU
		{0ACB6D6D-07F6-4497-8DDB-2B0C20A2B40A}.Release|Any CPU.Build.0 = Release|Any CPU
	EndGlobalSection
	GlobalSection(SolutionProperties) = preSolution
		HideSolutionNode = FALSE
	EndGlobalSection
	GlobalSection(ExtensibilityGlobals) = postSolution
		SolutionGuid = {4A4107F7-2845-41BA-A9E3-BA7719F27020}
	EndGlobalSection
EndGlobal
